
Microsoft Visual Studio Solution File, Format Version 12.00
# Visual Studio Version 16
VisualStudioVersion = 16.0.30114.105
MinimumVisualStudioVersion = 10.0.40219.1
Project("{FAE04EC0-301F-11D3-BF4B-00C04F79EFBC}") = "dataLayer", "dataLayer\dataLayer.csproj", "{B321CA10-916F-4F04-9934-5545D40AB9E9}"
EndProject
Project("{FAE04EC0-301F-11D3-BF4B-00C04F79EFBC}") = "API", "API\API.csproj", "{05383967-A110-4DFD-AF72-5491E1B22AD4}"
EndProject
Global
	GlobalSection(SolutionConfigurationPlatforms) = preSolution
		Debug|Any CPU = Debug|Any CPU
		Release|Any CPU = Release|Any CPU
	EndGlobalSection
	GlobalSection(ProjectConfigurationPlatforms) = postSolution
		{B321CA10-916F-4F04-9934-5545D40AB9E9}.Debug|Any CPU.ActiveCfg = Debug|Any CPU
		{B321CA10-916F-4F04-9934-5545D40AB9E9}.Debug|Any CPU.Build.0 = Debug|Any CPU
		{B321CA10-916F-4F04-9934-5545D40AB9E9}.Release|Any CPU.ActiveCfg = Release|Any CPU
		{B321CA10-916F-4F04-9934-5545D40AB9E9}.Release|Any CPU.Build.0 = Release|Any CPU
		{05383967-A110-4DFD-AF72-5491E1B22AD4}.Debug|Any CPU.ActiveCfg = Debug|Any CPU
		{05383967-A110-4DFD-AF72-5491E1B22AD4}.Debug|Any CPU.Build.0 = Debug|Any CPU
		{05383967-A110-4DFD-AF72-5491E1B22AD4}.Release|Any CPU.ActiveCfg = Release|Any CPU
		{05383967-A110-4DFD-AF72-5491E1B22AD4}.Release|Any CPU.Build.0 = Release|Any CPU
	EndGlobalSection
	GlobalSection(SolutionProperties) = preSolution
		HideSolutionNode = FALSE
	EndGlobalSection
	GlobalSection(ExtensibilityGlobals) = postSolution
		SolutionGuid = {917B1078-9EFE-4B76-B018-EC519BEE5238}
	EndGlobalSection
EndGlobal
