
Microsoft Visual Studio Solution File, Format Version 12.00
# Visual Studio Version 16
VisualStudioVersion = 16.0.30114.105
MinimumVisualStudioVersion = 10.0.40219.1
Project("{FAE04EC0-301F-11D3-BF4B-00C04F79EFBC}") = "AsyncTasks", "tasks\ConsoleApp1\AsyncTasks.csproj", "{614E9520-FC4A-4766-A9EC-44E5C3B9B8B6}"
EndProject
Global
	GlobalSection(SolutionConfigurationPlatforms) = preSolution
		Debug|Any CPU = Debug|Any CPU
		Release|Any CPU = Release|Any CPU
	EndGlobalSection
	GlobalSection(ProjectConfigurationPlatforms) = postSolution
		{614E9520-FC4A-4766-A9EC-44E5C3B9B8B6}.Debug|Any CPU.ActiveCfg = Debug|Any CPU
		{614E9520-FC4A-4766-A9EC-44E5C3B9B8B6}.Debug|Any CPU.Build.0 = Debug|Any CPU
		{614E9520-FC4A-4766-A9EC-44E5C3B9B8B6}.Release|Any CPU.ActiveCfg = Release|Any CPU
		{614E9520-FC4A-4766-A9EC-44E5C3B9B8B6}.Release|Any CPU.Build.0 = Release|Any CPU
	EndGlobalSection
	GlobalSection(SolutionProperties) = preSolution
		HideSolutionNode = FALSE
	EndGlobalSection
	GlobalSection(ExtensibilityGlobals) = postSolution
		SolutionGuid = {D9F6005E-BCFB-451D-8632-82F2F52772B5}
	EndGlobalSection
EndGlobal
